// !$*UTF8*$!
{
	archiveVersion = 1;
	classes = {
	};
	objectVersion = 56;
	objects = {

/* Begin PBXBuildFile section */
		9346C34B2AD38853004405C2 /* watchos-todoapp Watch App.app in Embed Watch Content */ = {isa = PBXBuildFile; fileRef = 9346C34A2AD38853004405C2 /* watchos-todoapp Watch App.app */; settings = {ATTRIBUTES = (RemoveHeadersOnCopy, ); }; };
		9346C3502AD38853004405C2 /* watchos_todoappApp.swift in Sources */ = {isa = PBXBuildFile; fileRef = 9346C34F2AD38853004405C2 /* watchos_todoappApp.swift */; };
		9346C3522AD38853004405C2 /* ContentView.swift in Sources */ = {isa = PBXBuildFile; fileRef = 9346C3512AD38853004405C2 /* ContentView.swift */; };
		9346C3542AD38855004405C2 /* Assets.xcassets in Resources */ = {isa = PBXBuildFile; fileRef = 9346C3532AD38855004405C2 /* Assets.xcassets */; };
		9346C3572AD38855004405C2 /* Preview Assets.xcassets in Resources */ = {isa = PBXBuildFile; fileRef = 9346C3562AD38855004405C2 /* Preview Assets.xcassets */; };
		9346C3622AD38AB6004405C2 /* Task.swift in Sources */ = {isa = PBXBuildFile; fileRef = 9346C3612AD38AB6004405C2 /* Task.swift */; };
		9346C3642AD38AD5004405C2 /* DatabaseManager.swift in Sources */ = {isa = PBXBuildFile; fileRef = 9346C3632AD38AD5004405C2 /* DatabaseManager.swift */; };
		9346C3672AD38AF3004405C2 /* SQLite in Frameworks */ = {isa = PBXBuildFile; productRef = 9346C3662AD38AF3004405C2 /* SQLite */; };
		9346C36B2AD38C5E004405C2 /* TodoView.swift in Sources */ = {isa = PBXBuildFile; fileRef = 9346C36A2AD38C5E004405C2 /* TodoView.swift */; };
		9346C36D2AD38EB1004405C2 /* TaskDAO.swift in Sources */ = {isa = PBXBuildFile; fileRef = 9346C36C2AD38EB1004405C2 /* TaskDAO.swift */; };
/* End PBXBuildFile section */

/* Begin PBXContainerItemProxy section */
		9346C34C2AD38853004405C2 /* PBXContainerItemProxy */ = {
			isa = PBXContainerItemProxy;
			containerPortal = 9346C33E2AD38853004405C2 /* Project object */;
			proxyType = 1;
			remoteGlobalIDString = 9346C3492AD38853004405C2;
			remoteInfo = "watchos-todoapp Watch App";
		};
/* End PBXContainerItemProxy section */

/* Begin PBXCopyFilesBuildPhase section */
		9346C35D2AD38855004405C2 /* Embed Watch Content */ = {
			isa = PBXCopyFilesBuildPhase;
			buildActionMask = 2147483647;
			dstPath = "$(CONTENTS_FOLDER_PATH)/Watch";
			dstSubfolderSpec = 16;
			files = (
				9346C34B2AD38853004405C2 /* watchos-todoapp Watch App.app in Embed Watch Content */,
			);
			name = "Embed Watch Content";
			runOnlyForDeploymentPostprocessing = 0;
		};
/* End PBXCopyFilesBuildPhase section */

/* Begin PBXFileReference section */
		9346C3442AD38853004405C2 /* watchos-todoapp.app */ = {isa = PBXFileReference; explicitFileType = wrapper.application; includeInIndex = 0; path = "watchos-todoapp.app"; sourceTree = BUILT_PRODUCTS_DIR; };
		9346C34A2AD38853004405C2 /* watchos-todoapp Watch App.app */ = {isa = PBXFileReference; explicitFileType = wrapper.application; includeInIndex = 0; path = "watchos-todoapp Watch App.app"; sourceTree = BUILT_PRODUCTS_DIR; };
		9346C34F2AD38853004405C2 /* watchos_todoappApp.swift */ = {isa = PBXFileReference; lastKnownFileType = sourcecode.swift; path = watchos_todoappApp.swift; sourceTree = "<group>"; };
		9346C3512AD38853004405C2 /* ContentView.swift */ = {isa = PBXFileReference; lastKnownFileType = sourcecode.swift; path = ContentView.swift; sourceTree = "<group>"; };
		9346C3532AD38855004405C2 /* Assets.xcassets */ = {isa = PBXFileReference; lastKnownFileType = folder.assetcatalog; path = Assets.xcassets; sourceTree = "<group>"; };
		9346C3562AD38855004405C2 /* Preview Assets.xcassets */ = {isa = PBXFileReference; lastKnownFileType = folder.assetcatalog; path = "Preview Assets.xcassets"; sourceTree = "<group>"; };
		9346C3612AD38AB6004405C2 /* Task.swift */ = {isa = PBXFileReference; lastKnownFileType = sourcecode.swift; path = Task.swift; sourceTree = "<group>"; };
		9346C3632AD38AD5004405C2 /* DatabaseManager.swift */ = {isa = PBXFileReference; lastKnownFileType = sourcecode.swift; path = DatabaseManager.swift; sourceTree = "<group>"; };
		9346C36A2AD38C5E004405C2 /* TodoView.swift */ = {isa = PBXFileReference; lastKnownFileType = sourcecode.swift; path = TodoView.swift; sourceTree = "<group>"; };
		9346C36C2AD38EB1004405C2 /* TaskDAO.swift */ = {isa = PBXFileReference; lastKnownFileType = sourcecode.swift; path = TaskDAO.swift; sourceTree = "<group>"; };
/* End PBXFileReference section */

/* Begin PBXFrameworksBuildPhase section */
		9346C3472AD38853004405C2 /* Frameworks */ = {
			isa = PBXFrameworksBuildPhase;
			buildActionMask = 2147483647;
			files = (
				9346C3672AD38AF3004405C2 /* SQLite in Frameworks */,
			);
			runOnlyForDeploymentPostprocessing = 0;
		};
/* End PBXFrameworksBuildPhase section */

/* Begin PBXGroup section */
		9346C33D2AD38853004405C2 = {
			isa = PBXGroup;
			children = (
				9346C34E2AD38853004405C2 /* watchos-todoapp Watch App */,
				9346C3452AD38853004405C2 /* Products */,
			);
			sourceTree = "<group>";
		};
		9346C3452AD38853004405C2 /* Products */ = {
			isa = PBXGroup;
			children = (
				9346C3442AD38853004405C2 /* watchos-todoapp.app */,
				9346C34A2AD38853004405C2 /* watchos-todoapp Watch App.app */,
			);
			name = Products;
			sourceTree = "<group>";
		};
		9346C34E2AD38853004405C2 /* watchos-todoapp Watch App */ = {
			isa = PBXGroup;
			children = (
				9346C3692AD38BBD004405C2 /* Screens */,
				9346C3682AD38BB8004405C2 /* Database */,
				9346C34F2AD38853004405C2 /* watchos_todoappApp.swift */,
				9346C3512AD38853004405C2 /* ContentView.swift */,
				9346C3532AD38855004405C2 /* Assets.xcassets */,
				9346C3552AD38855004405C2 /* Preview Content */,
			);
			path = "watchos-todoapp Watch App";
			sourceTree = "<group>";
		};
		9346C3552AD38855004405C2 /* Preview Content */ = {
			isa = PBXGroup;
			children = (
				9346C3562AD38855004405C2 /* Preview Assets.xcassets */,
			);
			path = "Preview Content";
			sourceTree = "<group>";
		};
		9346C3682AD38BB8004405C2 /* Database */ = {
			isa = PBXGroup;
			children = (
				9346C3612AD38AB6004405C2 /* Task.swift */,
				9346C36C2AD38EB1004405C2 /* TaskDAO.swift */,
				9346C3632AD38AD5004405C2 /* DatabaseManager.swift */,
			);
			path = Database;
			sourceTree = "<group>";
		};
		9346C3692AD38BBD004405C2 /* Screens */ = {
			isa = PBXGroup;
			children = (
				9346C36A2AD38C5E004405C2 /* TodoView.swift */,
			);
			path = Screens;
			sourceTree = "<group>";
		};
/* End PBXGroup section */

/* Begin PBXNativeTarget section */
		9346C3432AD38853004405C2 /* watchos-todoapp */ = {
			isa = PBXNativeTarget;
			buildConfigurationList = 9346C35E2AD38855004405C2 /* Build configuration list for PBXNativeTarget "watchos-todoapp" */;
			buildPhases = (
				9346C3422AD38853004405C2 /* Resources */,
				9346C35D2AD38855004405C2 /* Embed Watch Content */,
			);
			buildRules = (
			);
			dependencies = (
				9346C34D2AD38853004405C2 /* PBXTargetDependency */,
			);
			name = "watchos-todoapp";
			productName = "watchos-todoapp";
			productReference = 9346C3442AD38853004405C2 /* watchos-todoapp.app */;
			productType = "com.apple.product-type.application.watchapp2-container";
		};
		9346C3492AD38853004405C2 /* watchos-todoapp Watch App */ = {
			isa = PBXNativeTarget;
			buildConfigurationList = 9346C35A2AD38855004405C2 /* Build configuration list for PBXNativeTarget "watchos-todoapp Watch App" */;
			buildPhases = (
				9346C3462AD38853004405C2 /* Sources */,
				9346C3472AD38853004405C2 /* Frameworks */,
				9346C3482AD38853004405C2 /* Resources */,
			);
			buildRules = (
			);
			dependencies = (
			);
			name = "watchos-todoapp Watch App";
			packageProductDependencies = (
				9346C3662AD38AF3004405C2 /* SQLite */,
			);
			productName = "watchos-todoapp Watch App";
			productReference = 9346C34A2AD38853004405C2 /* watchos-todoapp Watch App.app */;
			productType = "com.apple.product-type.application";
		};
/* End PBXNativeTarget section */

/* Begin PBXProject section */
		9346C33E2AD38853004405C2 /* Project object */ = {
			isa = PBXProject;
			attributes = {
				BuildIndependentTargetsInParallel = 1;
				LastSwiftUpdateCheck = 1420;
				LastUpgradeCheck = 1420;
				TargetAttributes = {
					9346C3432AD38853004405C2 = {
						CreatedOnToolsVersion = 14.2;
					};
					9346C3492AD38853004405C2 = {
						CreatedOnToolsVersion = 14.2;
					};
				};
			};
			buildConfigurationList = 9346C3412AD38853004405C2 /* Build configuration list for PBXProject "watchos-todoapp" */;
			compatibilityVersion = "Xcode 14.0";
			developmentRegion = en;
			hasScannedForEncodings = 0;
			knownRegions = (
				en,
				Base,
			);
			mainGroup = 9346C33D2AD38853004405C2;
			packageReferences = (
				9346C3652AD38AF3004405C2 /* XCRemoteSwiftPackageReference "SQLite.swift" */,
			);
			productRefGroup = 9346C3452AD38853004405C2 /* Products */;
			projectDirPath = "";
			projectRoot = "";
			targets = (
				9346C3432AD38853004405C2 /* watchos-todoapp */,
				9346C3492AD38853004405C2 /* watchos-todoapp Watch App */,
			);
		};
/* End PBXProject section */

/* Begin PBXResourcesBuildPhase section */
		9346C3422AD38853004405C2 /* Resources */ = {
			isa = PBXResourcesBuildPhase;
			buildActionMask = 2147483647;
			files = (
			);
			runOnlyForDeploymentPostprocessing = 0;
		};
		9346C3482AD38853004405C2 /* Resources */ = {
			isa = PBXResourcesBuildPhase;
			buildActionMask = 2147483647;
			files = (
				9346C3572AD38855004405C2 /* Preview Assets.xcassets in Resources */,
				9346C3542AD38855004405C2 /* Assets.xcassets in Resources */,
			);
			runOnlyForDeploymentPostprocessing = 0;
		};
/* End PBXResourcesBuildPhase section */

/* Begin PBXSourcesBuildPhase section */
		9346C3462AD38853004405C2 /* Sources */ = {
			isa = PBXSourcesBuildPhase;
			buildActionMask = 2147483647;
			files = (
				9346C3642AD38AD5004405C2 /* DatabaseManager.swift in Sources */,
				9346C36D2AD38EB1004405C2 /* TaskDAO.swift in Sources */,
				9346C3522AD38853004405C2 /* ContentView.swift in Sources */,
				9346C36B2AD38C5E004405C2 /* TodoView.swift in Sources */,
				9346C3622AD38AB6004405C2 /* Task.swift in Sources */,
				9346C3502AD38853004405C2 /* watchos_todoappApp.swift in Sources */,
			);
			runOnlyForDeploymentPostprocessing = 0;
		};
/* End PBXSourcesBuildPhase section */

/* Begin PBXTargetDependency section */
		9346C34D2AD38853004405C2 /* PBXTargetDependency */ = {
			isa = PBXTargetDependency;
			target = 9346C3492AD38853004405C2 /* watchos-todoapp Watch App */;
			targetProxy = 9346C34C2AD38853004405C2 /* PBXContainerItemProxy */;
		};
/* End PBXTargetDependency section */

/* Begin XCBuildConfiguration section */
		9346C3582AD38855004405C2 /* Debug */ = {
			isa = XCBuildConfiguration;
			buildSettings = {
				ALWAYS_SEARCH_USER_PATHS = NO;
				CLANG_ANALYZER_NONNULL = YES;
				CLANG_ANALYZER_NUMBER_OBJECT_CONVERSION = YES_AGGRESSIVE;
				CLANG_CXX_LANGUAGE_STANDARD = "gnu++20";
				CLANG_ENABLE_MODULES = YES;
				CLANG_ENABLE_OBJC_ARC = YES;
				CLANG_ENABLE_OBJC_WEAK = YES;
				CLANG_WARN_BLOCK_CAPTURE_AUTORELEASING = YES;
				CLANG_WARN_BOOL_CONVERSION = YES;
				CLANG_WARN_COMMA = YES;
				CLANG_WARN_CONSTANT_CONVERSION = YES;
				CLANG_WARN_DEPRECATED_OBJC_IMPLEMENTATIONS = YES;
				CLANG_WARN_DIRECT_OBJC_ISA_USAGE = YES_ERROR;
				CLANG_WARN_DOCUMENTATION_COMMENTS = YES;
				CLANG_WARN_EMPTY_BODY = YES;
				CLANG_WARN_ENUM_CONVERSION = YES;
				CLANG_WARN_INFINITE_RECURSION = YES;
				CLANG_WARN_INT_CONVERSION = YES;
				CLANG_WARN_NON_LITERAL_NULL_CONVERSION = YES;
				CLANG_WARN_OBJC_IMPLICIT_RETAIN_SELF = YES;
				CLANG_WARN_OBJC_LITERAL_CONVERSION = YES;
				CLANG_WARN_OBJC_ROOT_CLASS = YES_ERROR;
				CLANG_WARN_QUOTED_INCLUDE_IN_FRAMEWORK_HEADER = YES;
				CLANG_WARN_RANGE_LOOP_ANALYSIS = YES;
				CLANG_WARN_STRICT_PROTOTYPES = YES;
				CLANG_WARN_SUSPICIOUS_MOVE = YES;
				CLANG_WARN_UNGUARDED_AVAILABILITY = YES_AGGRESSIVE;
				CLANG_WARN_UNREACHABLE_CODE = YES;
				CLANG_WARN__DUPLICATE_METHOD_MATCH = YES;
				COPY_PHASE_STRIP = NO;
				DEBUG_INFORMATION_FORMAT = dwarf;
				ENABLE_STRICT_OBJC_MSGSEND = YES;
				ENABLE_TESTABILITY = YES;
				GCC_C_LANGUAGE_STANDARD = gnu11;
				GCC_DYNAMIC_NO_PIC = NO;
				GCC_NO_COMMON_BLOCKS = YES;
				GCC_OPTIMIZATION_LEVEL = 0;
				GCC_PREPROCESSOR_DEFINITIONS = (
					"DEBUG=1",
					"$(inherited)",
				);
				GCC_WARN_64_TO_32_BIT_CONVERSION = YES;
				GCC_WARN_ABOUT_RETURN_TYPE = YES_ERROR;
				GCC_WARN_UNDECLARED_SELECTOR = YES;
				GCC_WARN_UNINITIALIZED_AUTOS = YES_AGGRESSIVE;
				GCC_WARN_UNUSED_FUNCTION = YES;
				GCC_WARN_UNUSED_VARIABLE = YES;
				MTL_ENABLE_DEBUG_INFO = INCLUDE_SOURCE;
				MTL_FAST_MATH = YES;
				ONLY_ACTIVE_ARCH = YES;
				SWIFT_ACTIVE_COMPILATION_CONDITIONS = DEBUG;
				SWIFT_OPTIMIZATION_LEVEL = "-Onone";
			};
			name = Debug;
		};
		9346C3592AD38855004405C2 /* Release */ = {
			isa = XCBuildConfiguration;
			buildSettings = {
				ALWAYS_SEARCH_USER_PATHS = NO;
				CLANG_ANALYZER_NONNULL = YES;
				CLANG_ANALYZER_NUMBER_OBJECT_CONVERSION = YES_AGGRESSIVE;
				CLANG_CXX_LANGUAGE_STANDARD = "gnu++20";
				CLANG_ENABLE_MODULES = YES;
				CLANG_ENABLE_OBJC_ARC = YES;
				CLANG_ENABLE_OBJC_WEAK = YES;
				CLANG_WARN_BLOCK_CAPTURE_AUTORELEASING = YES;
				CLANG_WARN_BOOL_CONVERSION = YES;
				CLANG_WARN_COMMA = YES;
				CLANG_WARN_CONSTANT_CONVERSION = YES;
				CLANG_WARN_DEPRECATED_OBJC_IMPLEMENTATIONS = YES;
				CLANG_WARN_DIRECT_OBJC_ISA_USAGE = YES_ERROR;
				CLANG_WARN_DOCUMENTATION_COMMENTS = YES;
				CLANG_WARN_EMPTY_BODY = YES;
				CLANG_WARN_ENUM_CONVERSION = YES;
				CLANG_WARN_INFINITE_RECURSION = YES;
				CLANG_WARN_INT_CONVERSION = YES;
				CLANG_WARN_NON_LITERAL_NULL_CONVERSION = YES;
				CLANG_WARN_OBJC_IMPLICIT_RETAIN_SELF = YES;
				CLANG_WARN_OBJC_LITERAL_CONVERSION = YES;
				CLANG_WARN_OBJC_ROOT_CLASS = YES_ERROR;
				CLANG_WARN_QUOTED_INCLUDE_IN_FRAMEWORK_HEADER = YES;
				CLANG_WARN_RANGE_LOOP_ANALYSIS = YES;
				CLANG_WARN_STRICT_PROTOTYPES = YES;
				CLANG_WARN_SUSPICIOUS_MOVE = YES;
				CLANG_WARN_UNGUARDED_AVAILABILITY = YES_AGGRESSIVE;
				CLANG_WARN_UNREACHABLE_CODE = YES;
				CLANG_WARN__DUPLICATE_METHOD_MATCH = YES;
				COPY_PHASE_STRIP = NO;
				DEBUG_INFORMATION_FORMAT = "dwarf-with-dsym";
				ENABLE_NS_ASSERTIONS = NO;
				ENABLE_STRICT_OBJC_MSGSEND = YES;
				GCC_C_LANGUAGE_STANDARD = gnu11;
				GCC_NO_COMMON_BLOCKS = YES;
				GCC_WARN_64_TO_32_BIT_CONVERSION = YES;
				GCC_WARN_ABOUT_RETURN_TYPE = YES_ERROR;
				GCC_WARN_UNDECLARED_SELECTOR = YES;
				GCC_WARN_UNINITIALIZED_AUTOS = YES_AGGRESSIVE;
				GCC_WARN_UNUSED_FUNCTION = YES;
				GCC_WARN_UNUSED_VARIABLE = YES;
				MTL_ENABLE_DEBUG_INFO = NO;
				MTL_FAST_MATH = YES;
				SWIFT_COMPILATION_MODE = wholemodule;
				SWIFT_OPTIMIZATION_LEVEL = "-O";
			};
			name = Release;
		};
		9346C35B2AD38855004405C2 /* Debug */ = {
			isa = XCBuildConfiguration;
			buildSettings = {
				ASSETCATALOG_COMPILER_APPICON_NAME = AppIcon;
				ASSETCATALOG_COMPILER_GLOBAL_ACCENT_COLOR_NAME = AccentColor;
				CODE_SIGN_STYLE = Automatic;
				CURRENT_PROJECT_VERSION = 1;
				DEVELOPMENT_ASSET_PATHS = "\"watchos-todoapp Watch App/Preview Content\"";
				DEVELOPMENT_TEAM = Q8FP8X2SNJ;
				ENABLE_PREVIEWS = YES;
				GENERATE_INFOPLIST_FILE = YES;
				INFOPLIST_KEY_CFBundleDisplayName = "watchos-todoapp";
				INFOPLIST_KEY_UISupportedInterfaceOrientations = "UIInterfaceOrientationPortrait UIInterfaceOrientationPortraitUpsideDown";
				INFOPLIST_KEY_WKWatchOnly = YES;
				LD_RUNPATH_SEARCH_PATHS = (
					"$(inherited)",
					"@executable_path/Frameworks",
				);
				MARKETING_VERSION = 1.0;
				PRODUCT_BUNDLE_IDENTIFIER = "bryanpinheiro.watchos-todoapp.watchkitapp";
				PRODUCT_NAME = "$(TARGET_NAME)";
				SDKROOT = watchos;
				SKIP_INSTALL = YES;
				SWIFT_EMIT_LOC_STRINGS = YES;
				SWIFT_VERSION = 5.0;
				TARGETED_DEVICE_FAMILY = 4;
				WATCHOS_DEPLOYMENT_TARGET = 9.1;
			};
			name = Debug;
		};
		9346C35C2AD38855004405C2 /* Release */ = {
			isa = XCBuildConfiguration;
			buildSettings = {
				ASSETCATALOG_COMPILER_APPICON_NAME = AppIcon;
				ASSETCATALOG_COMPILER_GLOBAL_ACCENT_COLOR_NAME = AccentColor;
				CODE_SIGN_STYLE = Automatic;
				CURRENT_PROJECT_VERSION = 1;
				DEVELOPMENT_ASSET_PATHS = "\"watchos-todoapp Watch App/Preview Content\"";
				DEVELOPMENT_TEAM = Q8FP8X2SNJ;
				ENABLE_PREVIEWS = YES;
				GENERATE_INFOPLIST_FILE = YES;
				INFOPLIST_KEY_CFBundleDisplayName = "watchos-todoapp";
				INFOPLIST_KEY_UISupportedInterfaceOrientations = "UIInterfaceOrientationPortrait UIInterfaceOrientationPortraitUpsideDown";
				INFOPLIST_KEY_WKWatchOnly = YES;
				LD_RUNPATH_SEARCH_PATHS = (
					"$(inherited)",
					"@executable_path/Frameworks",
				);
				MARKETING_VERSION = 1.0;
				PRODUCT_BUNDLE_IDENTIFIER = "bryanpinheiro.watchos-todoapp.watchkitapp";
				PRODUCT_NAME = "$(TARGET_NAME)";
				SDKROOT = watchos;
				SKIP_INSTALL = YES;
				SWIFT_EMIT_LOC_STRINGS = YES;
				SWIFT_VERSION = 5.0;
				TARGETED_DEVICE_FAMILY = 4;
				VALIDATE_PRODUCT = YES;
				WATCHOS_DEPLOYMENT_TARGET = 9.1;
			};
			name = Release;
		};
		9346C35F2AD38855004405C2 /* Debug */ = {
			isa = XCBuildConfiguration;
			buildSettings = {
				ALWAYS_EMBED_SWIFT_STANDARD_LIBRARIES = YES;
				CODE_SIGN_STYLE = Automatic;
				CURRENT_PROJECT_VERSION = 1;
				DEVELOPMENT_TEAM = Q8FP8X2SNJ;
				INFOPLIST_KEY_CFBundleDisplayName = "watchos-todoapp";
				MARKETING_VERSION = 1.0;
				PRODUCT_BUNDLE_IDENTIFIER = "bryanpinheiro.watchos-todoapp";
				PRODUCT_NAME = "$(TARGET_NAME)";
				SDKROOT = iphoneos;
				SWIFT_VERSION = 5.0;
			};
			name = Debug;
		};
		9346C3602AD38855004405C2 /* Release */ = {
			isa = XCBuildConfiguration;
			buildSettings = {
				ALWAYS_EMBED_SWIFT_STANDARD_LIBRARIES = YES;
				CODE_SIGN_STYLE = Automatic;
				CURRENT_PROJECT_VERSION = 1;
				DEVELOPMENT_TEAM = Q8FP8X2SNJ;
				INFOPLIST_KEY_CFBundleDisplayName = "watchos-todoapp";
				MARKETING_VERSION = 1.0;
				PRODUCT_BUNDLE_IDENTIFIER = "bryanpinheiro.watchos-todoapp";
				PRODUCT_NAME = "$(TARGET_NAME)";
				SDKROOT = iphoneos;
				SWIFT_VERSION = 5.0;
				VALIDATE_PRODUCT = YES;
			};
			name = Release;
		};
/* End XCBuildConfiguration section */

/* Begin XCConfigurationList section */
		9346C3412AD38853004405C2 /* Build configuration list for PBXProject "watchos-todoapp" */ = {
			isa = XCConfigurationList;
			buildConfigurations = (
				9346C3582AD38855004405C2 /* Debug */,
				9346C3592AD38855004405C2 /* Release */,
			);
			defaultConfigurationIsVisible = 0;
			defaultConfigurationName = Release;
		};
		9346C35A2AD38855004405C2 /* Build configuration list for PBXNativeTarget "watchos-todoapp Watch App" */ = {
			isa = XCConfigurationList;
			buildConfigurations = (
				9346C35B2AD38855004405C2 /* Debug */,
				9346C35C2AD38855004405C2 /* Release */,
			);
			defaultConfigurationIsVisible = 0;
			defaultConfigurationName = Release;
		};
		9346C35E2AD38855004405C2 /* Build configuration list for PBXNativeTarget "watchos-todoapp" */ = {
			isa = XCConfigurationList;
			buildConfigurations = (
				9346C35F2AD38855004405C2 /* Debug */,
				9346C3602AD38855004405C2 /* Release */,
			);
			defaultConfigurationIsVisible = 0;
			defaultConfigurationName = Release;
		};
/* End XCConfigurationList section */

/* Begin XCRemoteSwiftPackageReference section */
		9346C3652AD38AF3004405C2 /* XCRemoteSwiftPackageReference "SQLite.swift" */ = {
			isa = XCRemoteSwiftPackageReference;
			repositoryURL = "https://github.com/stephencelis/SQLite.swift.git";
			requirement = {
				branch = master;
				kind = branch;
			};
		};
/* End XCRemoteSwiftPackageReference section */

/* Begin XCSwiftPackageProductDependency section */
		9346C3662AD38AF3004405C2 /* SQLite */ = {
			isa = XCSwiftPackageProductDependency;
			package = 9346C3652AD38AF3004405C2 /* XCRemoteSwiftPackageReference "SQLite.swift" */;
			productName = SQLite;
		};
/* End XCSwiftPackageProductDependency section */
	};
	rootObject = 9346C33E2AD38853004405C2 /* Project object */;
}
